
Microsoft Visual Studio Solution File, Format Version 12.00
# Visual Studio 15
VisualStudioVersion = 15.0.26730.16
MinimumVisualStudioVersion = 10.0.40219.1
Project("{9A19103F-16F7-4668-BE54-9A1E7A4F7556}") = "AspNetCoreTodo", "AspNetCoreTodo.csproj", "{C49CB9A6-4397-4C90-8AE7-4AFE67E4DA13}"
EndProject
Global
	GlobalSection(SolutionConfigurationPlatforms) = preSolution
		Debug|Any CPU = Debug|Any CPU
		Release|Any CPU = Release|Any CPU
	EndGlobalSection
	GlobalSection(ProjectConfigurationPlatforms) = postSolution
		{C49CB9A6-4397-4C90-8AE7-4AFE67E4DA13}.Debug|Any CPU.ActiveCfg = Debug|Any CPU
		{C49CB9A6-4397-4C90-8AE7-4AFE67E4DA13}.Debug|Any CPU.Build.0 = Debug|Any CPU
		{C49CB9A6-4397-4C90-8AE7-4AFE67E4DA13}.Release|Any CPU.ActiveCfg = Release|Any CPU
		{C49CB9A6-4397-4C90-8AE7-4AFE67E4DA13}.Release|Any CPU.Build.0 = Release|Any CPU
	EndGlobalSection
	GlobalSection(SolutionProperties) = preSolution
		HideSolutionNode = FALSE
	EndGlobalSection
	GlobalSection(ExtensibilityGlobals) = postSolution
		SolutionGuid = {1C1CEA83-D22B-4B1D-9685-6161B1E625B2}
	EndGlobalSection
EndGlobal
